
Microsoft Visual Studio Solution File, Format Version 12.00
# Visual Studio 14
VisualStudioVersion = 14.0.23107.0
MinimumVisualStudioVersion = 10.0.40219.1
Project("{FAE04EC0-301F-11D3-BF4B-00C04F79EFBC}") = "AgileDesignPattern", "AgileDesignPattern\AgileDesignPattern.csproj", "{AA334629-C0F3-46F6-819D-30FB3CC30035}"
EndProject
Project("{FAE04EC0-301F-11D3-BF4B-00C04F79EFBC}") = "StrategyPattern", "StategyPattern\StrategyPattern.csproj", "{F8D0296F-CB11-490B-937F-799D060E01E4}"
EndProject
Project("{FAE04EC0-301F-11D3-BF4B-00C04F79EFBC}") = "OCPPriciple", "OCPPriciple\OCPPriciple.csproj", "{950F7145-735A-4F2F-8D40-560F74FBEDE1}"
EndProject
Project("{FAE04EC0-301F-11D3-BF4B-00C04F79EFBC}") = "CommandPattern", "CommandPattern\CommandPattern.csproj", "{63135989-1EE9-401E-9827-C20BC5AF32FB}"
EndProject
Project("{FAE04EC0-301F-11D3-BF4B-00C04F79EFBC}") = "MethodTemplate", "MethodTemplate\MethodTemplate.csproj", "{4F0E0818-E04C-4FE8-846E-2C36A26A01BE}"
EndProject
Global
	GlobalSection(SolutionConfigurationPlatforms) = preSolution
		Debug|Any CPU = Debug|Any CPU
		Release|Any CPU = Release|Any CPU
	EndGlobalSection
	GlobalSection(ProjectConfigurationPlatforms) = postSolution
		{AA334629-C0F3-46F6-819D-30FB3CC30035}.Debug|Any CPU.ActiveCfg = Debug|Any CPU
		{AA334629-C0F3-46F6-819D-30FB3CC30035}.Debug|Any CPU.Build.0 = Debug|Any CPU
		{AA334629-C0F3-46F6-819D-30FB3CC30035}.Release|Any CPU.ActiveCfg = Release|Any CPU
		{AA334629-C0F3-46F6-819D-30FB3CC30035}.Release|Any CPU.Build.0 = Release|Any CPU
		{F8D0296F-CB11-490B-937F-799D060E01E4}.Debug|Any CPU.ActiveCfg = Debug|Any CPU
		{F8D0296F-CB11-490B-937F-799D060E01E4}.Debug|Any CPU.Build.0 = Debug|Any CPU
		{F8D0296F-CB11-490B-937F-799D060E01E4}.Release|Any CPU.ActiveCfg = Release|Any CPU
		{F8D0296F-CB11-490B-937F-799D060E01E4}.Release|Any CPU.Build.0 = Release|Any CPU
		{950F7145-735A-4F2F-8D40-560F74FBEDE1}.Debug|Any CPU.ActiveCfg = Debug|Any CPU
		{950F7145-735A-4F2F-8D40-560F74FBEDE1}.Debug|Any CPU.Build.0 = Debug|Any CPU
		{950F7145-735A-4F2F-8D40-560F74FBEDE1}.Release|Any CPU.ActiveCfg = Release|Any CPU
		{950F7145-735A-4F2F-8D40-560F74FBEDE1}.Release|Any CPU.Build.0 = Release|Any CPU
		{63135989-1EE9-401E-9827-C20BC5AF32FB}.Debug|Any CPU.ActiveCfg = Debug|Any CPU
		{63135989-1EE9-401E-9827-C20BC5AF32FB}.Debug|Any CPU.Build.0 = Debug|Any CPU
		{63135989-1EE9-401E-9827-C20BC5AF32FB}.Release|Any CPU.ActiveCfg = Release|Any CPU
		{63135989-1EE9-401E-9827-C20BC5AF32FB}.Release|Any CPU.Build.0 = Release|Any CPU
		{4F0E0818-E04C-4FE8-846E-2C36A26A01BE}.Debug|Any CPU.ActiveCfg = Debug|Any CPU
		{4F0E0818-E04C-4FE8-846E-2C36A26A01BE}.Debug|Any CPU.Build.0 = Debug|Any CPU
		{4F0E0818-E04C-4FE8-846E-2C36A26A01BE}.Release|Any CPU.ActiveCfg = Release|Any CPU
		{4F0E0818-E04C-4FE8-846E-2C36A26A01BE}.Release|Any CPU.Build.0 = Release|Any CPU
	EndGlobalSection
	GlobalSection(SolutionProperties) = preSolution
		HideSolutionNode = FALSE
	EndGlobalSection
EndGlobal
